
Microsoft Visual Studio Solution File, Format Version 11.00
# Visual Studio 2010
Project("{8BC9CEB8-8B4A-11D0-8D11-00A0C91BC942}") = "LVisionImage", "LVisionImage\LVisionImage.vcxproj", "{9AD5748D-188E-4181-BCF4-14D87A293801}"
EndProject
Project("{FAE04EC0-301F-11D3-BF4B-00C04F79EFBC}") = "LVision.Main", "LVision.Main\LVision.Main.csproj", "{5480CC56-6DC9-4602-902E-84DE67FF11B9}"
EndProject
Global
	GlobalSection(SolutionConfigurationPlatforms) = preSolution
		Debug|Mixed Platforms = Debug|Mixed Platforms
		Debug|Win32 = Debug|Win32
		Debug|x86 = Debug|x86
		Release|Mixed Platforms = Release|Mixed Platforms
		Release|Win32 = Release|Win32
		Release|x86 = Release|x86
	EndGlobalSection
	GlobalSection(ProjectConfigurationPlatforms) = postSolution
		{9AD5748D-188E-4181-BCF4-14D87A293801}.Debug|Mixed Platforms.ActiveCfg = Debug|Win32
		{9AD5748D-188E-4181-BCF4-14D87A293801}.Debug|Mixed Platforms.Build.0 = Debug|Win32
		{9AD5748D-188E-4181-BCF4-14D87A293801}.Debug|Win32.ActiveCfg = Debug|Win32
		{9AD5748D-188E-4181-BCF4-14D87A293801}.Debug|Win32.Build.0 = Debug|Win32
		{9AD5748D-188E-4181-BCF4-14D87A293801}.Debug|x86.ActiveCfg = Debug|Win32
		{9AD5748D-188E-4181-BCF4-14D87A293801}.Release|Mixed Platforms.ActiveCfg = Release|Win32
		{9AD5748D-188E-4181-BCF4-14D87A293801}.Release|Mixed Platforms.Build.0 = Release|Win32
		{9AD5748D-188E-4181-BCF4-14D87A293801}.Release|Win32.ActiveCfg = Release|Win32
		{9AD5748D-188E-4181-BCF4-14D87A293801}.Release|Win32.Build.0 = Release|Win32
		{9AD5748D-188E-4181-BCF4-14D87A293801}.Release|x86.ActiveCfg = Release|Win32
		{5480CC56-6DC9-4602-902E-84DE67FF11B9}.Debug|Mixed Platforms.ActiveCfg = Debug|x86
		{5480CC56-6DC9-4602-902E-84DE67FF11B9}.Debug|Mixed Platforms.Build.0 = Debug|x86
		{5480CC56-6DC9-4602-902E-84DE67FF11B9}.Debug|Win32.ActiveCfg = Debug|x86
		{5480CC56-6DC9-4602-902E-84DE67FF11B9}.Debug|x86.ActiveCfg = Debug|x86
		{5480CC56-6DC9-4602-902E-84DE67FF11B9}.Debug|x86.Build.0 = Debug|x86
		{5480CC56-6DC9-4602-902E-84DE67FF11B9}.Release|Mixed Platforms.ActiveCfg = Release|x86
		{5480CC56-6DC9-4602-902E-84DE67FF11B9}.Release|Mixed Platforms.Build.0 = Release|x86
		{5480CC56-6DC9-4602-902E-84DE67FF11B9}.Release|Win32.ActiveCfg = Release|x86
		{5480CC56-6DC9-4602-902E-84DE67FF11B9}.Release|x86.ActiveCfg = Release|x86
		{5480CC56-6DC9-4602-902E-84DE67FF11B9}.Release|x86.Build.0 = Release|x86
	EndGlobalSection
	GlobalSection(SolutionProperties) = preSolution
		HideSolutionNode = FALSE
	EndGlobalSection
EndGlobal
